
Microsoft Visual Studio Solution File, Format Version 12.00
# Visual Studio Version 17
VisualStudioVersion = 17.14.36908.2
MinimumVisualStudioVersion = 10.0.40219.1
Project("{2150E333-8FDC-42A3-9474-1A3956D46DE8}") = "Solution Items", "Solution Items", "{8EC462FD-D22E-90A8-E5CE-7E832BA40C5D}"
	ProjectSection(SolutionItems) = preProject
		.editorconfig = .editorconfig
		Directory.Build.props = Directory.Build.props
	EndProjectSection
EndProject
Project("{2150E333-8FDC-42A3-9474-1A3956D46DE8}") = "src", "src", "{02EA681E-C7D8-13C7-8484-4AC65E1B71E8}"
EndProject
Project("{2150E333-8FDC-42A3-9474-1A3956D46DE8}") = "API", "API", "{58350C2A-C52D-434C-B3B9-4FD3CC024D68}"
EndProject
Project("{2150E333-8FDC-42A3-9474-1A3956D46DE8}") = "Modules", "Modules", "{38459E4E-E6CA-4137-BCB4-2DEA60B1486E}"
EndProject
Project("{2150E333-8FDC-42A3-9474-1A3956D46DE8}") = "Events", "Events", "{C41ED51C-79DF-4FAB-BDB1-E0EF02E23BAC}"
EndProject
Project("{FAE04EC0-301F-11D3-BF4B-00C04F79EFBC}") = "Evently.Api", "Evently.Api\Evently.Api.csproj", "{FE814472-9D5F-4A23-B2E2-41835930AB2F}"
EndProject
Project("{E53339B2-1760-4266-BCC7-CA923CBCF16C}") = "docker-compose", "docker-compose.dcproj", "{81DDED9D-158B-E303-5F62-77A2896D2A5A}"
EndProject
Project("{FAE04EC0-301F-11D3-BF4B-00C04F79EFBC}") = "Evently.Modules.Events.Application", "Evently.Modules.Events.Application\Evently.Modules.Events.Application.csproj", "{BC5624E6-1C40-5670-A8E8-F5AC1A0866B5}"
EndProject
Project("{FAE04EC0-301F-11D3-BF4B-00C04F79EFBC}") = "Evently.Modules.Events.Infrastructure", "Evently.Modules.Events.Infrastructure\Evently.Modules.Events.Infrastructure.csproj", "{D2F9CE6C-D875-40DF-A26A-5658DA8B91C9}"
EndProject
Project("{FAE04EC0-301F-11D3-BF4B-00C04F79EFBC}") = "Evently.Modules.Events.Domain", "Evently.Modules.Events.Domain\Evently.Modules.Events.Domain.csproj", "{8E29EF2B-56C5-43E8-A7DE-9B68F5A67D61}"
EndProject
Project("{FAE04EC0-301F-11D3-BF4B-00C04F79EFBC}") = "Evently.Modules.Events.Presentation", "Evently.Modules.Events.Presentation\Evently.Modules.Events.Presentation.csproj", "{0BF1F4A6-32DD-446A-8DEF-05ED63AFD362}"
EndProject
Project("{2150E333-8FDC-42A3-9474-1A3956D46DE8}") = "Common", "Common", "{C30A080C-C3FD-46EF-B6E4-F906B9B94A0A}"
EndProject
Project("{FAE04EC0-301F-11D3-BF4B-00C04F79EFBC}") = "Evently.Common.Application", "Evently.Common.Application\Evently.Common.Application.csproj", "{968B0CA3-0C3B-4BCE-940D-E1E182BA063D}"
EndProject
Project("{FAE04EC0-301F-11D3-BF4B-00C04F79EFBC}") = "Evently.Common.Domain", "Evently.Common.Domain\Evently.Common.Domain.csproj", "{8D723C8B-787C-40FD-85E3-BDC4DE4CF232}"
EndProject
Project("{FAE04EC0-301F-11D3-BF4B-00C04F79EFBC}") = "Evently.Common.Infrastructure", "Evently.Common.Infrastructure\Evently.Common.Infrastructure.csproj", "{2D798851-3767-4061-B65B-01B2391E5550}"
EndProject
Project("{FAE04EC0-301F-11D3-BF4B-00C04F79EFBC}") = "Evently.Common.Presentation", "Evently.Common.Presentation\Evently.Common.Presentation.csproj", "{562457D6-1753-4605-AEB9-3E8E55EC24E8}"
EndProject
Project("{2150E333-8FDC-42A3-9474-1A3956D46DE8}") = "Users", "Users", "{85340004-564D-47B3-A988-834C83314421}"
EndProject
Project("{FAE04EC0-301F-11D3-BF4B-00C04F79EFBC}") = "Evently.Modules.Users.Domain", "Evently.Modules.Users.Domain\Evently.Modules.Users.Domain.csproj", "{18BAE607-D15C-4A58-BD78-A69D33A8F356}"
EndProject
Project("{FAE04EC0-301F-11D3-BF4B-00C04F79EFBC}") = "Evently.Modules.Users.Application", "Evently.Modules.Users.Application\Evently.Modules.Users.Application.csproj", "{B6CFA29A-2334-4EF1-9E90-3D739D98589E}"
EndProject
Project("{FAE04EC0-301F-11D3-BF4B-00C04F79EFBC}") = "Evently.Modules.Users.Infrastructure", "Evently.Modules.Users.Infrastructure\Evently.Modules.Users.Infrastructure.csproj", "{C74C42CD-21B5-4DFE-9234-6E4A776079F5}"
EndProject
Project("{2150E333-8FDC-42A3-9474-1A3956D46DE8}") = "Ticketing", "Ticketing", "{4984DF58-F326-4A7C-B9C1-1CB48482E558}"
EndProject
Project("{FAE04EC0-301F-11D3-BF4B-00C04F79EFBC}") = "Evently.Modules.Ticketing.Application", "Evently.Modules.Ticketing.Application\Evently.Modules.Ticketing.Application.csproj", "{8D598471-24A6-4168-975A-31421889C62E}"
EndProject
Project("{FAE04EC0-301F-11D3-BF4B-00C04F79EFBC}") = "Evently.Modules.Ticketing.Domain", "Evently.Modules.Ticketing.Domain\Evently.Modules.Ticketing.Domain.csproj", "{0A2581C6-873C-426F-BE25-D4979A40A03C}"
EndProject
Project("{FAE04EC0-301F-11D3-BF4B-00C04F79EFBC}") = "Evently.Modules.Ticketing.Infrastructure", "Evently.Modules.Ticketing.Infrastructure\Evently.Modules.Ticketing.Infrastructure.csproj", "{DDE323F2-4812-4A32-974A-08ED69EC0B0F}"
EndProject
Project("{FAE04EC0-301F-11D3-BF4B-00C04F79EFBC}") = "Evently.Modules.Ticketing.Presentation", "Evently.Modules.Ticketing.Presentation\Evently.Modules.Ticketing.Presentation.csproj", "{5FB41C83-9278-4B57-8B3F-67F61B45E444}"
EndProject
Project("{FAE04EC0-301F-11D3-BF4B-00C04F79EFBC}") = "Evently.Modules.Users.IntegrationEvents", "Evently.Modules.Users.IntegrationEvents\Evently.Modules.Users.IntegrationEvents.csproj", "{A4DE5F4B-3215-46C0-B632-61FC97866237}"
EndProject
Project("{FAE04EC0-301F-11D3-BF4B-00C04F79EFBC}") = "Evently.Modules.Users.Presentation", "Evently.Modules.Users.Presentation\Evently.Modules.Users.Presentation.csproj", "{E357615E-2ACE-086D-61FC-8164C1DC1528}"
EndProject
Project("{2150E333-8FDC-42A3-9474-1A3956D46DE8}") = "Attendance", "Attendance", "{D45B495A-A753-417A-98DC-0706641D4A42}"
EndProject
Project("{FAE04EC0-301F-11D3-BF4B-00C04F79EFBC}") = "Evently.Modules.Attendance.Domain", "Evently.Modules.Attendance.Domain\Evently.Modules.Attendance.Domain.csproj", "{702771CC-7AA2-421A-8E13-461352F8529D}"
EndProject
Project("{FAE04EC0-301F-11D3-BF4B-00C04F79EFBC}") = "Evently.Modules.Attendance.Application", "Evently.Modules.Attendance.Application\Evently.Modules.Attendance.Application.csproj", "{DA701CE4-F1F0-49EF-AAFD-8C7C0DD21060}"
EndProject
Project("{FAE04EC0-301F-11D3-BF4B-00C04F79EFBC}") = "Evently.Modules.Attendance.Infrastructure", "Evently.Modules.Attendance.Infrastructure\Evently.Modules.Attendance.Infrastructure.csproj", "{6A89D723-2D3B-40BE-A54B-3EDEC29C9C34}"
EndProject
Project("{FAE04EC0-301F-11D3-BF4B-00C04F79EFBC}") = "Evently.Modules.Attendance.IntegrationEvents", "Evently.Modules.Attendance.IntegrationEvents\Evently.Modules.Attendance.IntegrationEvents.csproj", "{F70F717B-2A2D-4F38-B878-C30B491C089E}"
EndProject
Project("{FAE04EC0-301F-11D3-BF4B-00C04F79EFBC}") = "Evently.Modules.Attendance.Presentation", "Evently.Modules.Attendance.Presentation\Evently.Modules.Attendance.Presentation.csproj", "{5D9A3C27-B2FC-4B95-804B-FE05DE2B249A}"
EndProject
Project("{FAE04EC0-301F-11D3-BF4B-00C04F79EFBC}") = "Evently.Modules.Events.IntegrationEvents", "Evently.Modules.Events.IntegrationEvents\Evently.Modules.Events.IntegrationEvents.csproj", "{EDD5C0EE-04CB-4FF3-AC20-0CACCD033AF8}"
EndProject
Project("{FAE04EC0-301F-11D3-BF4B-00C04F79EFBC}") = "Evently.Modules.Ticketing.IntegrationEvents", "Evently.Modules.Ticketing.IntegrationEvents\Evently.Modules.Ticketing.IntegrationEvents.csproj", "{6C33C1C3-7A70-46B4-8713-100FECEA88E1}"
EndProject
Global
	GlobalSection(SolutionConfigurationPlatforms) = preSolution
		Debug|Any CPU = Debug|Any CPU
		Release|Any CPU = Release|Any CPU
	EndGlobalSection
	GlobalSection(ProjectConfigurationPlatforms) = postSolution
		{FE814472-9D5F-4A23-B2E2-41835930AB2F}.Debug|Any CPU.ActiveCfg = Debug|Any CPU
		{FE814472-9D5F-4A23-B2E2-41835930AB2F}.Debug|Any CPU.Build.0 = Debug|Any CPU
		{FE814472-9D5F-4A23-B2E2-41835930AB2F}.Release|Any CPU.ActiveCfg = Release|Any CPU
		{FE814472-9D5F-4A23-B2E2-41835930AB2F}.Release|Any CPU.Build.0 = Release|Any CPU
		{81DDED9D-158B-E303-5F62-77A2896D2A5A}.Debug|Any CPU.ActiveCfg = Debug|Any CPU
		{81DDED9D-158B-E303-5F62-77A2896D2A5A}.Debug|Any CPU.Build.0 = Debug|Any CPU
		{81DDED9D-158B-E303-5F62-77A2896D2A5A}.Release|Any CPU.ActiveCfg = Release|Any CPU
		{81DDED9D-158B-E303-5F62-77A2896D2A5A}.Release|Any CPU.Build.0 = Release|Any CPU
		{BC5624E6-1C40-5670-A8E8-F5AC1A0866B5}.Debug|Any CPU.ActiveCfg = Debug|Any CPU
		{BC5624E6-1C40-5670-A8E8-F5AC1A0866B5}.Debug|Any CPU.Build.0 = Debug|Any CPU
		{BC5624E6-1C40-5670-A8E8-F5AC1A0866B5}.Release|Any CPU.ActiveCfg = Release|Any CPU
		{BC5624E6-1C40-5670-A8E8-F5AC1A0866B5}.Release|Any CPU.Build.0 = Release|Any CPU
		{D2F9CE6C-D875-40DF-A26A-5658DA8B91C9}.Debug|Any CPU.ActiveCfg = Debug|Any CPU
		{D2F9CE6C-D875-40DF-A26A-5658DA8B91C9}.Debug|Any CPU.Build.0 = Debug|Any CPU
		{D2F9CE6C-D875-40DF-A26A-5658DA8B91C9}.Release|Any CPU.ActiveCfg = Release|Any CPU
		{D2F9CE6C-D875-40DF-A26A-5658DA8B91C9}.Release|Any CPU.Build.0 = Release|Any CPU
		{8E29EF2B-56C5-43E8-A7DE-9B68F5A67D61}.Debug|Any CPU.ActiveCfg = Debug|Any CPU
		{8E29EF2B-56C5-43E8-A7DE-9B68F5A67D61}.Debug|Any CPU.Build.0 = Debug|Any CPU
		{8E29EF2B-56C5-43E8-A7DE-9B68F5A67D61}.Release|Any CPU.ActiveCfg = Release|Any CPU
		{8E29EF2B-56C5-43E8-A7DE-9B68F5A67D61}.Release|Any CPU.Build.0 = Release|Any CPU
		{0BF1F4A6-32DD-446A-8DEF-05ED63AFD362}.Debug|Any CPU.ActiveCfg = Debug|Any CPU
		{0BF1F4A6-32DD-446A-8DEF-05ED63AFD362}.Debug|Any CPU.Build.0 = Debug|Any CPU
		{0BF1F4A6-32DD-446A-8DEF-05ED63AFD362}.Release|Any CPU.ActiveCfg = Release|Any CPU
		{0BF1F4A6-32DD-446A-8DEF-05ED63AFD362}.Release|Any CPU.Build.0 = Release|Any CPU
		{968B0CA3-0C3B-4BCE-940D-E1E182BA063D}.Debug|Any CPU.ActiveCfg = Debug|Any CPU
		{968B0CA3-0C3B-4BCE-940D-E1E182BA063D}.Debug|Any CPU.Build.0 = Debug|Any CPU
		{968B0CA3-0C3B-4BCE-940D-E1E182BA063D}.Release|Any CPU.ActiveCfg = Release|Any CPU
		{968B0CA3-0C3B-4BCE-940D-E1E182BA063D}.Release|Any CPU.Build.0 = Release|Any CPU
		{8D723C8B-787C-40FD-85E3-BDC4DE4CF232}.Debug|Any CPU.ActiveCfg = Debug|Any CPU
		{8D723C8B-787C-40FD-85E3-BDC4DE4CF232}.Debug|Any CPU.Build.0 = Debug|Any CPU
		{8D723C8B-787C-40FD-85E3-BDC4DE4CF232}.Release|Any CPU.ActiveCfg = Release|Any CPU
		{8D723C8B-787C-40FD-85E3-BDC4DE4CF232}.Release|Any CPU.Build.0 = Release|Any CPU
		{2D798851-3767-4061-B65B-01B2391E5550}.Debug|Any CPU.ActiveCfg = Debug|Any CPU
		{2D798851-3767-4061-B65B-01B2391E5550}.Debug|Any CPU.Build.0 = Debug|Any CPU
		{2D798851-3767-4061-B65B-01B2391E5550}.Release|Any CPU.ActiveCfg = Release|Any CPU
		{2D798851-3767-4061-B65B-01B2391E5550}.Release|Any CPU.Build.0 = Release|Any CPU
		{562457D6-1753-4605-AEB9-3E8E55EC24E8}.Debug|Any CPU.ActiveCfg = Debug|Any CPU
		{562457D6-1753-4605-AEB9-3E8E55EC24E8}.Debug|Any CPU.Build.0 = Debug|Any CPU
		{562457D6-1753-4605-AEB9-3E8E55EC24E8}.Release|Any CPU.ActiveCfg = Release|Any CPU
		{562457D6-1753-4605-AEB9-3E8E55EC24E8}.Release|Any CPU.Build.0 = Release|Any CPU
		{18BAE607-D15C-4A58-BD78-A69D33A8F356}.Debug|Any CPU.ActiveCfg = Debug|Any CPU
		{18BAE607-D15C-4A58-BD78-A69D33A8F356}.Debug|Any CPU.Build.0 = Debug|Any CPU
		{18BAE607-D15C-4A58-BD78-A69D33A8F356}.Release|Any CPU.ActiveCfg = Release|Any CPU
		{18BAE607-D15C-4A58-BD78-A69D33A8F356}.Release|Any CPU.Build.0 = Release|Any CPU
		{B6CFA29A-2334-4EF1-9E90-3D739D98589E}.Debug|Any CPU.ActiveCfg = Debug|Any CPU
		{B6CFA29A-2334-4EF1-9E90-3D739D98589E}.Debug|Any CPU.Build.0 = Debug|Any CPU
		{B6CFA29A-2334-4EF1-9E90-3D739D98589E}.Release|Any CPU.ActiveCfg = Release|Any CPU
		{B6CFA29A-2334-4EF1-9E90-3D739D98589E}.Release|Any CPU.Build.0 = Release|Any CPU
		{C74C42CD-21B5-4DFE-9234-6E4A776079F5}.Debug|Any CPU.ActiveCfg = Debug|Any CPU
		{C74C42CD-21B5-4DFE-9234-6E4A776079F5}.Debug|Any CPU.Build.0 = Debug|Any CPU
		{C74C42CD-21B5-4DFE-9234-6E4A776079F5}.Release|Any CPU.ActiveCfg = Release|Any CPU
		{C74C42CD-21B5-4DFE-9234-6E4A776079F5}.Release|Any CPU.Build.0 = Release|Any CPU
		{8D598471-24A6-4168-975A-31421889C62E}.Debug|Any CPU.ActiveCfg = Debug|Any CPU
		{8D598471-24A6-4168-975A-31421889C62E}.Debug|Any CPU.Build.0 = Debug|Any CPU
		{8D598471-24A6-4168-975A-31421889C62E}.Release|Any CPU.ActiveCfg = Release|Any CPU
		{8D598471-24A6-4168-975A-31421889C62E}.Release|Any CPU.Build.0 = Release|Any CPU
		{0A2581C6-873C-426F-BE25-D4979A40A03C}.Debug|Any CPU.ActiveCfg = Debug|Any CPU
		{0A2581C6-873C-426F-BE25-D4979A40A03C}.Debug|Any CPU.Build.0 = Debug|Any CPU
		{0A2581C6-873C-426F-BE25-D4979A40A03C}.Release|Any CPU.ActiveCfg = Release|Any CPU
		{0A2581C6-873C-426F-BE25-D4979A40A03C}.Release|Any CPU.Build.0 = Release|Any CPU
		{DDE323F2-4812-4A32-974A-08ED69EC0B0F}.Debug|Any CPU.ActiveCfg = Debug|Any CPU
		{DDE323F2-4812-4A32-974A-08ED69EC0B0F}.Debug|Any CPU.Build.0 = Debug|Any CPU
		{DDE323F2-4812-4A32-974A-08ED69EC0B0F}.Release|Any CPU.ActiveCfg = Release|Any CPU
		{DDE323F2-4812-4A32-974A-08ED69EC0B0F}.Release|Any CPU.Build.0 = Release|Any CPU
		{5FB41C83-9278-4B57-8B3F-67F61B45E444}.Debug|Any CPU.ActiveCfg = Debug|Any CPU
		{5FB41C83-9278-4B57-8B3F-67F61B45E444}.Debug|Any CPU.Build.0 = Debug|Any CPU
		{5FB41C83-9278-4B57-8B3F-67F61B45E444}.Release|Any CPU.ActiveCfg = Release|Any CPU
		{5FB41C83-9278-4B57-8B3F-67F61B45E444}.Release|Any CPU.Build.0 = Release|Any CPU
		{A4DE5F4B-3215-46C0-B632-61FC97866237}.Debug|Any CPU.ActiveCfg = Debug|Any CPU
		{A4DE5F4B-3215-46C0-B632-61FC97866237}.Debug|Any CPU.Build.0 = Debug|Any CPU
		{A4DE5F4B-3215-46C0-B632-61FC97866237}.Release|Any CPU.ActiveCfg = Release|Any CPU
		{A4DE5F4B-3215-46C0-B632-61FC97866237}.Release|Any CPU.Build.0 = Release|Any CPU
		{E357615E-2ACE-086D-61FC-8164C1DC1528}.Debug|Any CPU.ActiveCfg = Debug|Any CPU
		{E357615E-2ACE-086D-61FC-8164C1DC1528}.Debug|Any CPU.Build.0 = Debug|Any CPU
		{E357615E-2ACE-086D-61FC-8164C1DC1528}.Release|Any CPU.ActiveCfg = Release|Any CPU
		{E357615E-2ACE-086D-61FC-8164C1DC1528}.Release|Any CPU.Build.0 = Release|Any CPU
		{702771CC-7AA2-421A-8E13-461352F8529D}.Debug|Any CPU.ActiveCfg = Debug|Any CPU
		{702771CC-7AA2-421A-8E13-461352F8529D}.Debug|Any CPU.Build.0 = Debug|Any CPU
		{702771CC-7AA2-421A-8E13-461352F8529D}.Release|Any CPU.ActiveCfg = Release|Any CPU
		{702771CC-7AA2-421A-8E13-461352F8529D}.Release|Any CPU.Build.0 = Release|Any CPU
		{DA701CE4-F1F0-49EF-AAFD-8C7C0DD21060}.Debug|Any CPU.ActiveCfg = Debug|Any CPU
		{DA701CE4-F1F0-49EF-AAFD-8C7C0DD21060}.Debug|Any CPU.Build.0 = Debug|Any CPU
		{DA701CE4-F1F0-49EF-AAFD-8C7C0DD21060}.Release|Any CPU.ActiveCfg = Release|Any CPU
		{DA701CE4-F1F0-49EF-AAFD-8C7C0DD21060}.Release|Any CPU.Build.0 = Release|Any CPU
		{6A89D723-2D3B-40BE-A54B-3EDEC29C9C34}.Debug|Any CPU.ActiveCfg = Debug|Any CPU
		{6A89D723-2D3B-40BE-A54B-3EDEC29C9C34}.Debug|Any CPU.Build.0 = Debug|Any CPU
		{6A89D723-2D3B-40BE-A54B-3EDEC29C9C34}.Release|Any CPU.ActiveCfg = Release|Any CPU
		{6A89D723-2D3B-40BE-A54B-3EDEC29C9C34}.Release|Any CPU.Build.0 = Release|Any CPU
		{F70F717B-2A2D-4F38-B878-C30B491C089E}.Debug|Any CPU.ActiveCfg = Debug|Any CPU
		{F70F717B-2A2D-4F38-B878-C30B491C089E}.Debug|Any CPU.Build.0 = Debug|Any CPU
		{F70F717B-2A2D-4F38-B878-C30B491C089E}.Release|Any CPU.ActiveCfg = Release|Any CPU
		{F70F717B-2A2D-4F38-B878-C30B491C089E}.Release|Any CPU.Build.0 = Release|Any CPU
		{5D9A3C27-B2FC-4B95-804B-FE05DE2B249A}.Debug|Any CPU.ActiveCfg = Debug|Any CPU
		{5D9A3C27-B2FC-4B95-804B-FE05DE2B249A}.Debug|Any CPU.Build.0 = Debug|Any CPU
		{5D9A3C27-B2FC-4B95-804B-FE05DE2B249A}.Release|Any CPU.ActiveCfg = Release|Any CPU
		{5D9A3C27-B2FC-4B95-804B-FE05DE2B249A}.Release|Any CPU.Build.0 = Release|Any CPU
		{EDD5C0EE-04CB-4FF3-AC20-0CACCD033AF8}.Debug|Any CPU.ActiveCfg = Debug|Any CPU
		{EDD5C0EE-04CB-4FF3-AC20-0CACCD033AF8}.Debug|Any CPU.Build.0 = Debug|Any CPU
		{EDD5C0EE-04CB-4FF3-AC20-0CACCD033AF8}.Release|Any CPU.ActiveCfg = Release|Any CPU
		{EDD5C0EE-04CB-4FF3-AC20-0CACCD033AF8}.Release|Any CPU.Build.0 = Release|Any CPU
		{6C33C1C3-7A70-46B4-8713-100FECEA88E1}.Debug|Any CPU.ActiveCfg = Debug|Any CPU
		{6C33C1C3-7A70-46B4-8713-100FECEA88E1}.Debug|Any CPU.Build.0 = Debug|Any CPU
		{6C33C1C3-7A70-46B4-8713-100FECEA88E1}.Release|Any CPU.ActiveCfg = Release|Any CPU
		{6C33C1C3-7A70-46B4-8713-100FECEA88E1}.Release|Any CPU.Build.0 = Release|Any CPU
	EndGlobalSection
	GlobalSection(SolutionProperties) = preSolution
		HideSolutionNode = FALSE
	EndGlobalSection
	GlobalSection(NestedProjects) = preSolution
		{58350C2A-C52D-434C-B3B9-4FD3CC024D68} = {02EA681E-C7D8-13C7-8484-4AC65E1B71E8}
		{38459E4E-E6CA-4137-BCB4-2DEA60B1486E} = {02EA681E-C7D8-13C7-8484-4AC65E1B71E8}
		{C41ED51C-79DF-4FAB-BDB1-E0EF02E23BAC} = {38459E4E-E6CA-4137-BCB4-2DEA60B1486E}
		{FE814472-9D5F-4A23-B2E2-41835930AB2F} = {58350C2A-C52D-434C-B3B9-4FD3CC024D68}
		{BC5624E6-1C40-5670-A8E8-F5AC1A0866B5} = {C41ED51C-79DF-4FAB-BDB1-E0EF02E23BAC}
		{D2F9CE6C-D875-40DF-A26A-5658DA8B91C9} = {C41ED51C-79DF-4FAB-BDB1-E0EF02E23BAC}
		{8E29EF2B-56C5-43E8-A7DE-9B68F5A67D61} = {C41ED51C-79DF-4FAB-BDB1-E0EF02E23BAC}
		{0BF1F4A6-32DD-446A-8DEF-05ED63AFD362} = {C41ED51C-79DF-4FAB-BDB1-E0EF02E23BAC}
		{C30A080C-C3FD-46EF-B6E4-F906B9B94A0A} = {02EA681E-C7D8-13C7-8484-4AC65E1B71E8}
		{968B0CA3-0C3B-4BCE-940D-E1E182BA063D} = {C30A080C-C3FD-46EF-B6E4-F906B9B94A0A}
		{8D723C8B-787C-40FD-85E3-BDC4DE4CF232} = {C30A080C-C3FD-46EF-B6E4-F906B9B94A0A}
		{2D798851-3767-4061-B65B-01B2391E5550} = {C30A080C-C3FD-46EF-B6E4-F906B9B94A0A}
		{562457D6-1753-4605-AEB9-3E8E55EC24E8} = {C30A080C-C3FD-46EF-B6E4-F906B9B94A0A}
		{85340004-564D-47B3-A988-834C83314421} = {38459E4E-E6CA-4137-BCB4-2DEA60B1486E}
		{18BAE607-D15C-4A58-BD78-A69D33A8F356} = {85340004-564D-47B3-A988-834C83314421}
		{B6CFA29A-2334-4EF1-9E90-3D739D98589E} = {85340004-564D-47B3-A988-834C83314421}
		{C74C42CD-21B5-4DFE-9234-6E4A776079F5} = {85340004-564D-47B3-A988-834C83314421}
		{4984DF58-F326-4A7C-B9C1-1CB48482E558} = {38459E4E-E6CA-4137-BCB4-2DEA60B1486E}
		{8D598471-24A6-4168-975A-31421889C62E} = {4984DF58-F326-4A7C-B9C1-1CB48482E558}
		{0A2581C6-873C-426F-BE25-D4979A40A03C} = {4984DF58-F326-4A7C-B9C1-1CB48482E558}
		{DDE323F2-4812-4A32-974A-08ED69EC0B0F} = {4984DF58-F326-4A7C-B9C1-1CB48482E558}
		{5FB41C83-9278-4B57-8B3F-67F61B45E444} = {4984DF58-F326-4A7C-B9C1-1CB48482E558}
		{A4DE5F4B-3215-46C0-B632-61FC97866237} = {85340004-564D-47B3-A988-834C83314421}
		{E357615E-2ACE-086D-61FC-8164C1DC1528} = {85340004-564D-47B3-A988-834C83314421}
		{D45B495A-A753-417A-98DC-0706641D4A42} = {38459E4E-E6CA-4137-BCB4-2DEA60B1486E}
		{702771CC-7AA2-421A-8E13-461352F8529D} = {D45B495A-A753-417A-98DC-0706641D4A42}
		{DA701CE4-F1F0-49EF-AAFD-8C7C0DD21060} = {D45B495A-A753-417A-98DC-0706641D4A42}
		{6A89D723-2D3B-40BE-A54B-3EDEC29C9C34} = {D45B495A-A753-417A-98DC-0706641D4A42}
		{F70F717B-2A2D-4F38-B878-C30B491C089E} = {D45B495A-A753-417A-98DC-0706641D4A42}
		{5D9A3C27-B2FC-4B95-804B-FE05DE2B249A} = {D45B495A-A753-417A-98DC-0706641D4A42}
		{EDD5C0EE-04CB-4FF3-AC20-0CACCD033AF8} = {C41ED51C-79DF-4FAB-BDB1-E0EF02E23BAC}
		{6C33C1C3-7A70-46B4-8713-100FECEA88E1} = {4984DF58-F326-4A7C-B9C1-1CB48482E558}
	EndGlobalSection
	GlobalSection(ExtensibilityGlobals) = postSolution
		SolutionGuid = {5547DF34-5323-45B8-BCF8-80F272982016}
	EndGlobalSection
EndGlobal
