
Microsoft Visual Studio Solution File, Format Version 12.00
Project("{FAE04EC0-301F-11D3-BF4B-00C04F79EFBC}") = "DeskBooker.Core.Test", "DeskBooker.Core.Test\DeskBooker.Core.Test.csproj", "{88FF77CC-C423-45D4-A4CE-0926898D8616}"
EndProject
Project("{FAE04EC0-301F-11D3-BF4B-00C04F79EFBC}") = "DeskBooker.Core", "DeskBooker.Core\DeskBooker.Core.csproj", "{EAFDE9E2-3C29-42C2-9DFD-042058B96E60}"
EndProject
Global
	GlobalSection(SolutionConfigurationPlatforms) = preSolution
		Debug|Any CPU = Debug|Any CPU
		Release|Any CPU = Release|Any CPU
	EndGlobalSection
	GlobalSection(ProjectConfigurationPlatforms) = postSolution
		{88FF77CC-C423-45D4-A4CE-0926898D8616}.Debug|Any CPU.ActiveCfg = Debug|Any CPU
		{88FF77CC-C423-45D4-A4CE-0926898D8616}.Debug|Any CPU.Build.0 = Debug|Any CPU
		{88FF77CC-C423-45D4-A4CE-0926898D8616}.Release|Any CPU.ActiveCfg = Release|Any CPU
		{88FF77CC-C423-45D4-A4CE-0926898D8616}.Release|Any CPU.Build.0 = Release|Any CPU
		{EAFDE9E2-3C29-42C2-9DFD-042058B96E60}.Debug|Any CPU.ActiveCfg = Debug|Any CPU
		{EAFDE9E2-3C29-42C2-9DFD-042058B96E60}.Debug|Any CPU.Build.0 = Debug|Any CPU
		{EAFDE9E2-3C29-42C2-9DFD-042058B96E60}.Release|Any CPU.ActiveCfg = Release|Any CPU
		{EAFDE9E2-3C29-42C2-9DFD-042058B96E60}.Release|Any CPU.Build.0 = Release|Any CPU
	EndGlobalSection
EndGlobal
