
Microsoft Visual Studio Solution File, Format Version 12.00
# Visual Studio Version 17
VisualStudioVersion = 17.0.31903.59
MinimumVisualStudioVersion = 10.0.40219.1
Project("{2150E333-8FDC-42A3-9474-1A3956D46DE8}") = "src", "src", "{827E0CD3-B72D-47B6-A68D-7590B98EB39B}"
EndProject
Project("{FAE04EC0-301F-11D3-BF4B-00C04F79EFBC}") = "SalegaTech.Domain", "src\SalegaTech.Domain\SalegaTech.Domain.csproj", "{15238D84-6FF6-4E7D-B7AB-FBD84BC23907}"
EndProject
Project("{FAE04EC0-301F-11D3-BF4B-00C04F79EFBC}") = "SalegaTech.Application", "src\SalegaTech.Application\SalegaTech.Application.csproj", "{965B1767-0909-4113-B8F6-F26675EA9474}"
EndProject
Project("{FAE04EC0-301F-11D3-BF4B-00C04F79EFBC}") = "SalegaTech.Legacy", "src\SalegaTech.Legacy\SalegaTech.Legacy.csproj", "{F6FACCE9-6E0C-4736-A67B-36E94A4D3332}"
EndProject
Project("{FAE04EC0-301F-11D3-BF4B-00C04F79EFBC}") = "SalegaTech.ACL", "src\SalegaTech.ACL\SalegaTech.ACL.csproj", "{0CAFBF98-1998-428B-9EBA-6CDB1BCCCA57}"
EndProject
Project("{FAE04EC0-301F-11D3-BF4B-00C04F79EFBC}") = "SalegaTech.Api", "src\SalegaTech.Api\SalegaTech.Api.csproj", "{C5450D9B-762F-429C-925A-1397F2A63D25}"
EndProject
Project("{2150E333-8FDC-42A3-9474-1A3956D46DE8}") = "tests", "tests", "{0AB3BF05-4346-4AA6-1389-037BE0695223}"
EndProject
Project("{FAE04EC0-301F-11D3-BF4B-00C04F79EFBC}") = "SalegaTech.Domain.Tests", "tests\SalegaTech.Domain.Tests\SalegaTech.Domain.Tests.csproj", "{5DB9C43F-6383-4A4B-B64B-62074E3ADE6D}"
EndProject
Project("{FAE04EC0-301F-11D3-BF4B-00C04F79EFBC}") = "SalegaTech.ACL.Tests", "tests\SalegaTech.ACL.Tests\SalegaTech.ACL.Tests.csproj", "{5303F187-FF22-4916-97A1-BEB90B335D03}"
EndProject
Project("{FAE04EC0-301F-11D3-BF4B-00C04F79EFBC}") = "SalegaTech.Api.Tests", "tests\SalegaTech.Api.Tests\SalegaTech.Api.Tests.csproj", "{ADAAFF2C-92FF-452C-B6F2-D13C1C1F68C3}"
EndProject
Project("{FAE04EC0-301F-11D3-BF4B-00C04F79EFBC}") = "SalegaTech.Infrastructure", "src\SalegaTech.Infrastructure\SalegaTech.Infrastructure.csproj", "{B7FB0F2D-5C80-48FD-AD55-B1C978E44731}"
EndProject
Project("{E53339B2-1760-4266-BCC7-CA923CBCF16C}") = "docker-compose", "docker-compose.dcproj", "{81DDED9D-158B-E303-5F62-77A2896D2A5A}"
EndProject
Project("{FAE04EC0-301F-11D3-BF4B-00C04F79EFBC}") = "SalegaTech.Legacy.Host", "src\SalegaTech.Legacy.Host\SalegaTech.Legacy.Host.csproj", "{C9D1E029-ACAD-4BDC-8C05-5DAD7EB554DB}"
EndProject
Project("{2150E333-8FDC-42A3-9474-1A3956D46DE8}") = "Common", "Common", "{02EA681E-C7D8-13C7-8484-4AC65E1B71E8}"
EndProject
Project("{FAE04EC0-301F-11D3-BF4B-00C04F79EFBC}") = "SalegaTech.Common.Domain", "src\SalegaTech.Common.Domain\SalegaTech.Common.Domain.csproj", "{E1CDB088-5D1F-4270-BD72-66B53137AFA4}"
EndProject
Project("{FAE04EC0-301F-11D3-BF4B-00C04F79EFBC}") = "SalegaTech.Common.Application", "src\SalegaTech.Common.Application\SalegaTech.Common.Application.csproj", "{64713A7D-D71B-4503-9C3B-AA8DF6EB1A65}"
EndProject
Project("{FAE04EC0-301F-11D3-BF4B-00C04F79EFBC}") = "SalegaTech.Common.Infrastructure", "src\SalegaTech.Common.Infrastructure\SalegaTech.Common.Infrastructure.csproj", "{1E501128-BE10-495F-B484-73E8E501A28F}"
EndProject
Project("{2150E333-8FDC-42A3-9474-1A3956D46DE8}") = "ACL", "ACL", "{393DCD01-C3B4-4C50-9523-74AFEA78F5B7}"
EndProject
Project("{2150E333-8FDC-42A3-9474-1A3956D46DE8}") = "Modules", "Modules", "{9D90B9D6-8522-4EC3-ADEE-6231BDE23B6D}"
EndProject
Project("{2150E333-8FDC-42A3-9474-1A3956D46DE8}") = "Finances", "Finances", "{0AF25FAD-B574-4225-8890-05F381484567}"
EndProject
Project("{2150E333-8FDC-42A3-9474-1A3956D46DE8}") = "tests", "tests", "{305E9832-72DE-4AD9-AFCE-23A843618C29}"
EndProject
Project("{2150E333-8FDC-42A3-9474-1A3956D46DE8}") = "API", "API", "{8CB7F030-A2D1-480D-B575-7B52F2703CFC}"
EndProject
Project("{2150E333-8FDC-42A3-9474-1A3956D46DE8}") = "legacy", "legacy", "{6467074F-0D7C-4E65-8DAC-EFEBCAE3CE6E}"
EndProject
Global
	GlobalSection(SolutionConfigurationPlatforms) = preSolution
		Debug|Any CPU = Debug|Any CPU
		Debug|x64 = Debug|x64
		Debug|x86 = Debug|x86
		Release|Any CPU = Release|Any CPU
		Release|x64 = Release|x64
		Release|x86 = Release|x86
	EndGlobalSection
	GlobalSection(ProjectConfigurationPlatforms) = postSolution
		{15238D84-6FF6-4E7D-B7AB-FBD84BC23907}.Debug|Any CPU.ActiveCfg = Debug|Any CPU
		{15238D84-6FF6-4E7D-B7AB-FBD84BC23907}.Debug|Any CPU.Build.0 = Debug|Any CPU
		{15238D84-6FF6-4E7D-B7AB-FBD84BC23907}.Debug|x64.ActiveCfg = Debug|Any CPU
		{15238D84-6FF6-4E7D-B7AB-FBD84BC23907}.Debug|x64.Build.0 = Debug|Any CPU
		{15238D84-6FF6-4E7D-B7AB-FBD84BC23907}.Debug|x86.ActiveCfg = Debug|Any CPU
		{15238D84-6FF6-4E7D-B7AB-FBD84BC23907}.Debug|x86.Build.0 = Debug|Any CPU
		{15238D84-6FF6-4E7D-B7AB-FBD84BC23907}.Release|Any CPU.ActiveCfg = Release|Any CPU
		{15238D84-6FF6-4E7D-B7AB-FBD84BC23907}.Release|Any CPU.Build.0 = Release|Any CPU
		{15238D84-6FF6-4E7D-B7AB-FBD84BC23907}.Release|x64.ActiveCfg = Release|Any CPU
		{15238D84-6FF6-4E7D-B7AB-FBD84BC23907}.Release|x64.Build.0 = Release|Any CPU
		{15238D84-6FF6-4E7D-B7AB-FBD84BC23907}.Release|x86.ActiveCfg = Release|Any CPU
		{15238D84-6FF6-4E7D-B7AB-FBD84BC23907}.Release|x86.Build.0 = Release|Any CPU
		{965B1767-0909-4113-B8F6-F26675EA9474}.Debug|Any CPU.ActiveCfg = Debug|Any CPU
		{965B1767-0909-4113-B8F6-F26675EA9474}.Debug|Any CPU.Build.0 = Debug|Any CPU
		{965B1767-0909-4113-B8F6-F26675EA9474}.Debug|x64.ActiveCfg = Debug|Any CPU
		{965B1767-0909-4113-B8F6-F26675EA9474}.Debug|x64.Build.0 = Debug|Any CPU
		{965B1767-0909-4113-B8F6-F26675EA9474}.Debug|x86.ActiveCfg = Debug|Any CPU
		{965B1767-0909-4113-B8F6-F26675EA9474}.Debug|x86.Build.0 = Debug|Any CPU
		{965B1767-0909-4113-B8F6-F26675EA9474}.Release|Any CPU.ActiveCfg = Release|Any CPU
		{965B1767-0909-4113-B8F6-F26675EA9474}.Release|Any CPU.Build.0 = Release|Any CPU
		{965B1767-0909-4113-B8F6-F26675EA9474}.Release|x64.ActiveCfg = Release|Any CPU
		{965B1767-0909-4113-B8F6-F26675EA9474}.Release|x64.Build.0 = Release|Any CPU
		{965B1767-0909-4113-B8F6-F26675EA9474}.Release|x86.ActiveCfg = Release|Any CPU
		{965B1767-0909-4113-B8F6-F26675EA9474}.Release|x86.Build.0 = Release|Any CPU
		{F6FACCE9-6E0C-4736-A67B-36E94A4D3332}.Debug|Any CPU.ActiveCfg = Debug|Any CPU
		{F6FACCE9-6E0C-4736-A67B-36E94A4D3332}.Debug|Any CPU.Build.0 = Debug|Any CPU
		{F6FACCE9-6E0C-4736-A67B-36E94A4D3332}.Debug|x64.ActiveCfg = Debug|Any CPU
		{F6FACCE9-6E0C-4736-A67B-36E94A4D3332}.Debug|x64.Build.0 = Debug|Any CPU
		{F6FACCE9-6E0C-4736-A67B-36E94A4D3332}.Debug|x86.ActiveCfg = Debug|Any CPU
		{F6FACCE9-6E0C-4736-A67B-36E94A4D3332}.Debug|x86.Build.0 = Debug|Any CPU
		{F6FACCE9-6E0C-4736-A67B-36E94A4D3332}.Release|Any CPU.ActiveCfg = Release|Any CPU
		{F6FACCE9-6E0C-4736-A67B-36E94A4D3332}.Release|Any CPU.Build.0 = Release|Any CPU
		{F6FACCE9-6E0C-4736-A67B-36E94A4D3332}.Release|x64.ActiveCfg = Release|Any CPU
		{F6FACCE9-6E0C-4736-A67B-36E94A4D3332}.Release|x64.Build.0 = Release|Any CPU
		{F6FACCE9-6E0C-4736-A67B-36E94A4D3332}.Release|x86.ActiveCfg = Release|Any CPU
		{F6FACCE9-6E0C-4736-A67B-36E94A4D3332}.Release|x86.Build.0 = Release|Any CPU
		{0CAFBF98-1998-428B-9EBA-6CDB1BCCCA57}.Debug|Any CPU.ActiveCfg = Debug|Any CPU
		{0CAFBF98-1998-428B-9EBA-6CDB1BCCCA57}.Debug|Any CPU.Build.0 = Debug|Any CPU
		{0CAFBF98-1998-428B-9EBA-6CDB1BCCCA57}.Debug|x64.ActiveCfg = Debug|Any CPU
		{0CAFBF98-1998-428B-9EBA-6CDB1BCCCA57}.Debug|x64.Build.0 = Debug|Any CPU
		{0CAFBF98-1998-428B-9EBA-6CDB1BCCCA57}.Debug|x86.ActiveCfg = Debug|Any CPU
		{0CAFBF98-1998-428B-9EBA-6CDB1BCCCA57}.Debug|x86.Build.0 = Debug|Any CPU
		{0CAFBF98-1998-428B-9EBA-6CDB1BCCCA57}.Release|Any CPU.ActiveCfg = Release|Any CPU
		{0CAFBF98-1998-428B-9EBA-6CDB1BCCCA57}.Release|Any CPU.Build.0 = Release|Any CPU
		{0CAFBF98-1998-428B-9EBA-6CDB1BCCCA57}.Release|x64.ActiveCfg = Release|Any CPU
		{0CAFBF98-1998-428B-9EBA-6CDB1BCCCA57}.Release|x64.Build.0 = Release|Any CPU
		{0CAFBF98-1998-428B-9EBA-6CDB1BCCCA57}.Release|x86.ActiveCfg = Release|Any CPU
		{0CAFBF98-1998-428B-9EBA-6CDB1BCCCA57}.Release|x86.Build.0 = Release|Any CPU
		{C5450D9B-762F-429C-925A-1397F2A63D25}.Debug|Any CPU.ActiveCfg = Debug|Any CPU
		{C5450D9B-762F-429C-925A-1397F2A63D25}.Debug|Any CPU.Build.0 = Debug|Any CPU
		{C5450D9B-762F-429C-925A-1397F2A63D25}.Debug|x64.ActiveCfg = Debug|Any CPU
		{C5450D9B-762F-429C-925A-1397F2A63D25}.Debug|x64.Build.0 = Debug|Any CPU
		{C5450D9B-762F-429C-925A-1397F2A63D25}.Debug|x86.ActiveCfg = Debug|Any CPU
		{C5450D9B-762F-429C-925A-1397F2A63D25}.Debug|x86.Build.0 = Debug|Any CPU
		{C5450D9B-762F-429C-925A-1397F2A63D25}.Release|Any CPU.ActiveCfg = Release|Any CPU
		{C5450D9B-762F-429C-925A-1397F2A63D25}.Release|Any CPU.Build.0 = Release|Any CPU
		{C5450D9B-762F-429C-925A-1397F2A63D25}.Release|x64.ActiveCfg = Release|Any CPU
		{C5450D9B-762F-429C-925A-1397F2A63D25}.Release|x64.Build.0 = Release|Any CPU
		{C5450D9B-762F-429C-925A-1397F2A63D25}.Release|x86.ActiveCfg = Release|Any CPU
		{C5450D9B-762F-429C-925A-1397F2A63D25}.Release|x86.Build.0 = Release|Any CPU
		{5DB9C43F-6383-4A4B-B64B-62074E3ADE6D}.Debug|Any CPU.ActiveCfg = Debug|Any CPU
		{5DB9C43F-6383-4A4B-B64B-62074E3ADE6D}.Debug|Any CPU.Build.0 = Debug|Any CPU
		{5DB9C43F-6383-4A4B-B64B-62074E3ADE6D}.Debug|x64.ActiveCfg = Debug|Any CPU
		{5DB9C43F-6383-4A4B-B64B-62074E3ADE6D}.Debug|x64.Build.0 = Debug|Any CPU
		{5DB9C43F-6383-4A4B-B64B-62074E3ADE6D}.Debug|x86.ActiveCfg = Debug|Any CPU
		{5DB9C43F-6383-4A4B-B64B-62074E3ADE6D}.Debug|x86.Build.0 = Debug|Any CPU
		{5DB9C43F-6383-4A4B-B64B-62074E3ADE6D}.Release|Any CPU.ActiveCfg = Release|Any CPU
		{5DB9C43F-6383-4A4B-B64B-62074E3ADE6D}.Release|Any CPU.Build.0 = Release|Any CPU
		{5DB9C43F-6383-4A4B-B64B-62074E3ADE6D}.Release|x64.ActiveCfg = Release|Any CPU
		{5DB9C43F-6383-4A4B-B64B-62074E3ADE6D}.Release|x64.Build.0 = Release|Any CPU
		{5DB9C43F-6383-4A4B-B64B-62074E3ADE6D}.Release|x86.ActiveCfg = Release|Any CPU
		{5DB9C43F-6383-4A4B-B64B-62074E3ADE6D}.Release|x86.Build.0 = Release|Any CPU
		{5303F187-FF22-4916-97A1-BEB90B335D03}.Debug|Any CPU.ActiveCfg = Debug|Any CPU
		{5303F187-FF22-4916-97A1-BEB90B335D03}.Debug|Any CPU.Build.0 = Debug|Any CPU
		{5303F187-FF22-4916-97A1-BEB90B335D03}.Debug|x64.ActiveCfg = Debug|Any CPU
		{5303F187-FF22-4916-97A1-BEB90B335D03}.Debug|x64.Build.0 = Debug|Any CPU
		{5303F187-FF22-4916-97A1-BEB90B335D03}.Debug|x86.ActiveCfg = Debug|Any CPU
		{5303F187-FF22-4916-97A1-BEB90B335D03}.Debug|x86.Build.0 = Debug|Any CPU
		{5303F187-FF22-4916-97A1-BEB90B335D03}.Release|Any CPU.ActiveCfg = Release|Any CPU
		{5303F187-FF22-4916-97A1-BEB90B335D03}.Release|Any CPU.Build.0 = Release|Any CPU
		{5303F187-FF22-4916-97A1-BEB90B335D03}.Release|x64.ActiveCfg = Release|Any CPU
		{5303F187-FF22-4916-97A1-BEB90B335D03}.Release|x64.Build.0 = Release|Any CPU
		{5303F187-FF22-4916-97A1-BEB90B335D03}.Release|x86.ActiveCfg = Release|Any CPU
		{5303F187-FF22-4916-97A1-BEB90B335D03}.Release|x86.Build.0 = Release|Any CPU
		{ADAAFF2C-92FF-452C-B6F2-D13C1C1F68C3}.Debug|Any CPU.ActiveCfg = Debug|Any CPU
		{ADAAFF2C-92FF-452C-B6F2-D13C1C1F68C3}.Debug|Any CPU.Build.0 = Debug|Any CPU
		{ADAAFF2C-92FF-452C-B6F2-D13C1C1F68C3}.Debug|x64.ActiveCfg = Debug|Any CPU
		{ADAAFF2C-92FF-452C-B6F2-D13C1C1F68C3}.Debug|x64.Build.0 = Debug|Any CPU
		{ADAAFF2C-92FF-452C-B6F2-D13C1C1F68C3}.Debug|x86.ActiveCfg = Debug|Any CPU
		{ADAAFF2C-92FF-452C-B6F2-D13C1C1F68C3}.Debug|x86.Build.0 = Debug|Any CPU
		{ADAAFF2C-92FF-452C-B6F2-D13C1C1F68C3}.Release|Any CPU.ActiveCfg = Release|Any CPU
		{ADAAFF2C-92FF-452C-B6F2-D13C1C1F68C3}.Release|Any CPU.Build.0 = Release|Any CPU
		{ADAAFF2C-92FF-452C-B6F2-D13C1C1F68C3}.Release|x64.ActiveCfg = Release|Any CPU
		{ADAAFF2C-92FF-452C-B6F2-D13C1C1F68C3}.Release|x64.Build.0 = Release|Any CPU
		{ADAAFF2C-92FF-452C-B6F2-D13C1C1F68C3}.Release|x86.ActiveCfg = Release|Any CPU
		{ADAAFF2C-92FF-452C-B6F2-D13C1C1F68C3}.Release|x86.Build.0 = Release|Any CPU
		{B7FB0F2D-5C80-48FD-AD55-B1C978E44731}.Debug|Any CPU.ActiveCfg = Debug|Any CPU
		{B7FB0F2D-5C80-48FD-AD55-B1C978E44731}.Debug|Any CPU.Build.0 = Debug|Any CPU
		{B7FB0F2D-5C80-48FD-AD55-B1C978E44731}.Debug|x64.ActiveCfg = Debug|Any CPU
		{B7FB0F2D-5C80-48FD-AD55-B1C978E44731}.Debug|x64.Build.0 = Debug|Any CPU
		{B7FB0F2D-5C80-48FD-AD55-B1C978E44731}.Debug|x86.ActiveCfg = Debug|Any CPU
		{B7FB0F2D-5C80-48FD-AD55-B1C978E44731}.Debug|x86.Build.0 = Debug|Any CPU
		{B7FB0F2D-5C80-48FD-AD55-B1C978E44731}.Release|Any CPU.ActiveCfg = Release|Any CPU
		{B7FB0F2D-5C80-48FD-AD55-B1C978E44731}.Release|Any CPU.Build.0 = Release|Any CPU
		{B7FB0F2D-5C80-48FD-AD55-B1C978E44731}.Release|x64.ActiveCfg = Release|Any CPU
		{B7FB0F2D-5C80-48FD-AD55-B1C978E44731}.Release|x64.Build.0 = Release|Any CPU
		{B7FB0F2D-5C80-48FD-AD55-B1C978E44731}.Release|x86.ActiveCfg = Release|Any CPU
		{B7FB0F2D-5C80-48FD-AD55-B1C978E44731}.Release|x86.Build.0 = Release|Any CPU
		{81DDED9D-158B-E303-5F62-77A2896D2A5A}.Debug|Any CPU.ActiveCfg = Debug|Any CPU
		{81DDED9D-158B-E303-5F62-77A2896D2A5A}.Debug|Any CPU.Build.0 = Debug|Any CPU
		{81DDED9D-158B-E303-5F62-77A2896D2A5A}.Debug|x64.ActiveCfg = Debug|Any CPU
		{81DDED9D-158B-E303-5F62-77A2896D2A5A}.Debug|x64.Build.0 = Debug|Any CPU
		{81DDED9D-158B-E303-5F62-77A2896D2A5A}.Debug|x86.ActiveCfg = Debug|Any CPU
		{81DDED9D-158B-E303-5F62-77A2896D2A5A}.Debug|x86.Build.0 = Debug|Any CPU
		{81DDED9D-158B-E303-5F62-77A2896D2A5A}.Release|Any CPU.ActiveCfg = Release|Any CPU
		{81DDED9D-158B-E303-5F62-77A2896D2A5A}.Release|Any CPU.Build.0 = Release|Any CPU
		{81DDED9D-158B-E303-5F62-77A2896D2A5A}.Release|x64.ActiveCfg = Release|Any CPU
		{81DDED9D-158B-E303-5F62-77A2896D2A5A}.Release|x64.Build.0 = Release|Any CPU
		{81DDED9D-158B-E303-5F62-77A2896D2A5A}.Release|x86.ActiveCfg = Release|Any CPU
		{81DDED9D-158B-E303-5F62-77A2896D2A5A}.Release|x86.Build.0 = Release|Any CPU
		{C9D1E029-ACAD-4BDC-8C05-5DAD7EB554DB}.Debug|Any CPU.ActiveCfg = Debug|Any CPU
		{C9D1E029-ACAD-4BDC-8C05-5DAD7EB554DB}.Debug|Any CPU.Build.0 = Debug|Any CPU
		{C9D1E029-ACAD-4BDC-8C05-5DAD7EB554DB}.Debug|x64.ActiveCfg = Debug|Any CPU
		{C9D1E029-ACAD-4BDC-8C05-5DAD7EB554DB}.Debug|x64.Build.0 = Debug|Any CPU
		{C9D1E029-ACAD-4BDC-8C05-5DAD7EB554DB}.Debug|x86.ActiveCfg = Debug|Any CPU
		{C9D1E029-ACAD-4BDC-8C05-5DAD7EB554DB}.Debug|x86.Build.0 = Debug|Any CPU
		{C9D1E029-ACAD-4BDC-8C05-5DAD7EB554DB}.Release|Any CPU.ActiveCfg = Release|Any CPU
		{C9D1E029-ACAD-4BDC-8C05-5DAD7EB554DB}.Release|Any CPU.Build.0 = Release|Any CPU
		{C9D1E029-ACAD-4BDC-8C05-5DAD7EB554DB}.Release|x64.ActiveCfg = Release|Any CPU
		{C9D1E029-ACAD-4BDC-8C05-5DAD7EB554DB}.Release|x64.Build.0 = Release|Any CPU
		{C9D1E029-ACAD-4BDC-8C05-5DAD7EB554DB}.Release|x86.ActiveCfg = Release|Any CPU
		{C9D1E029-ACAD-4BDC-8C05-5DAD7EB554DB}.Release|x86.Build.0 = Release|Any CPU
		{E1CDB088-5D1F-4270-BD72-66B53137AFA4}.Debug|Any CPU.ActiveCfg = Debug|Any CPU
		{E1CDB088-5D1F-4270-BD72-66B53137AFA4}.Debug|Any CPU.Build.0 = Debug|Any CPU
		{E1CDB088-5D1F-4270-BD72-66B53137AFA4}.Debug|x64.ActiveCfg = Debug|Any CPU
		{E1CDB088-5D1F-4270-BD72-66B53137AFA4}.Debug|x64.Build.0 = Debug|Any CPU
		{E1CDB088-5D1F-4270-BD72-66B53137AFA4}.Debug|x86.ActiveCfg = Debug|Any CPU
		{E1CDB088-5D1F-4270-BD72-66B53137AFA4}.Debug|x86.Build.0 = Debug|Any CPU
		{E1CDB088-5D1F-4270-BD72-66B53137AFA4}.Release|Any CPU.ActiveCfg = Release|Any CPU
		{E1CDB088-5D1F-4270-BD72-66B53137AFA4}.Release|Any CPU.Build.0 = Release|Any CPU
		{E1CDB088-5D1F-4270-BD72-66B53137AFA4}.Release|x64.ActiveCfg = Release|Any CPU
		{E1CDB088-5D1F-4270-BD72-66B53137AFA4}.Release|x64.Build.0 = Release|Any CPU
		{E1CDB088-5D1F-4270-BD72-66B53137AFA4}.Release|x86.ActiveCfg = Release|Any CPU
		{E1CDB088-5D1F-4270-BD72-66B53137AFA4}.Release|x86.Build.0 = Release|Any CPU
		{64713A7D-D71B-4503-9C3B-AA8DF6EB1A65}.Debug|Any CPU.ActiveCfg = Debug|Any CPU
		{64713A7D-D71B-4503-9C3B-AA8DF6EB1A65}.Debug|Any CPU.Build.0 = Debug|Any CPU
		{64713A7D-D71B-4503-9C3B-AA8DF6EB1A65}.Debug|x64.ActiveCfg = Debug|Any CPU
		{64713A7D-D71B-4503-9C3B-AA8DF6EB1A65}.Debug|x64.Build.0 = Debug|Any CPU
		{64713A7D-D71B-4503-9C3B-AA8DF6EB1A65}.Debug|x86.ActiveCfg = Debug|Any CPU
		{64713A7D-D71B-4503-9C3B-AA8DF6EB1A65}.Debug|x86.Build.0 = Debug|Any CPU
		{64713A7D-D71B-4503-9C3B-AA8DF6EB1A65}.Release|Any CPU.ActiveCfg = Release|Any CPU
		{64713A7D-D71B-4503-9C3B-AA8DF6EB1A65}.Release|Any CPU.Build.0 = Release|Any CPU
		{64713A7D-D71B-4503-9C3B-AA8DF6EB1A65}.Release|x64.ActiveCfg = Release|Any CPU
		{64713A7D-D71B-4503-9C3B-AA8DF6EB1A65}.Release|x64.Build.0 = Release|Any CPU
		{64713A7D-D71B-4503-9C3B-AA8DF6EB1A65}.Release|x86.ActiveCfg = Release|Any CPU
		{64713A7D-D71B-4503-9C3B-AA8DF6EB1A65}.Release|x86.Build.0 = Release|Any CPU
		{1E501128-BE10-495F-B484-73E8E501A28F}.Debug|Any CPU.ActiveCfg = Debug|Any CPU
		{1E501128-BE10-495F-B484-73E8E501A28F}.Debug|Any CPU.Build.0 = Debug|Any CPU
		{1E501128-BE10-495F-B484-73E8E501A28F}.Debug|x64.ActiveCfg = Debug|Any CPU
		{1E501128-BE10-495F-B484-73E8E501A28F}.Debug|x64.Build.0 = Debug|Any CPU
		{1E501128-BE10-495F-B484-73E8E501A28F}.Debug|x86.ActiveCfg = Debug|Any CPU
		{1E501128-BE10-495F-B484-73E8E501A28F}.Debug|x86.Build.0 = Debug|Any CPU
		{1E501128-BE10-495F-B484-73E8E501A28F}.Release|Any CPU.ActiveCfg = Release|Any CPU
		{1E501128-BE10-495F-B484-73E8E501A28F}.Release|Any CPU.Build.0 = Release|Any CPU
		{1E501128-BE10-495F-B484-73E8E501A28F}.Release|x64.ActiveCfg = Release|Any CPU
		{1E501128-BE10-495F-B484-73E8E501A28F}.Release|x64.Build.0 = Release|Any CPU
		{1E501128-BE10-495F-B484-73E8E501A28F}.Release|x86.ActiveCfg = Release|Any CPU
		{1E501128-BE10-495F-B484-73E8E501A28F}.Release|x86.Build.0 = Release|Any CPU
	EndGlobalSection
	GlobalSection(SolutionProperties) = preSolution
		HideSolutionNode = FALSE
	EndGlobalSection
	GlobalSection(NestedProjects) = preSolution
		{15238D84-6FF6-4E7D-B7AB-FBD84BC23907} = {0AF25FAD-B574-4225-8890-05F381484567}
		{965B1767-0909-4113-B8F6-F26675EA9474} = {0AF25FAD-B574-4225-8890-05F381484567}
		{F6FACCE9-6E0C-4736-A67B-36E94A4D3332} = {6467074F-0D7C-4E65-8DAC-EFEBCAE3CE6E}
		{0CAFBF98-1998-428B-9EBA-6CDB1BCCCA57} = {393DCD01-C3B4-4C50-9523-74AFEA78F5B7}
		{C5450D9B-762F-429C-925A-1397F2A63D25} = {8CB7F030-A2D1-480D-B575-7B52F2703CFC}
		{5DB9C43F-6383-4A4B-B64B-62074E3ADE6D} = {305E9832-72DE-4AD9-AFCE-23A843618C29}
		{5303F187-FF22-4916-97A1-BEB90B335D03} = {0AB3BF05-4346-4AA6-1389-037BE0695223}
		{ADAAFF2C-92FF-452C-B6F2-D13C1C1F68C3} = {0AB3BF05-4346-4AA6-1389-037BE0695223}
		{B7FB0F2D-5C80-48FD-AD55-B1C978E44731} = {0AF25FAD-B574-4225-8890-05F381484567}
		{C9D1E029-ACAD-4BDC-8C05-5DAD7EB554DB} = {6467074F-0D7C-4E65-8DAC-EFEBCAE3CE6E}
		{02EA681E-C7D8-13C7-8484-4AC65E1B71E8} = {827E0CD3-B72D-47B6-A68D-7590B98EB39B}
		{E1CDB088-5D1F-4270-BD72-66B53137AFA4} = {02EA681E-C7D8-13C7-8484-4AC65E1B71E8}
		{64713A7D-D71B-4503-9C3B-AA8DF6EB1A65} = {02EA681E-C7D8-13C7-8484-4AC65E1B71E8}
		{1E501128-BE10-495F-B484-73E8E501A28F} = {02EA681E-C7D8-13C7-8484-4AC65E1B71E8}
		{393DCD01-C3B4-4C50-9523-74AFEA78F5B7} = {827E0CD3-B72D-47B6-A68D-7590B98EB39B}
		{9D90B9D6-8522-4EC3-ADEE-6231BDE23B6D} = {827E0CD3-B72D-47B6-A68D-7590B98EB39B}
		{0AF25FAD-B574-4225-8890-05F381484567} = {9D90B9D6-8522-4EC3-ADEE-6231BDE23B6D}
		{305E9832-72DE-4AD9-AFCE-23A843618C29} = {0AF25FAD-B574-4225-8890-05F381484567}
		{8CB7F030-A2D1-480D-B575-7B52F2703CFC} = {827E0CD3-B72D-47B6-A68D-7590B98EB39B}
	EndGlobalSection
	GlobalSection(ExtensibilityGlobals) = postSolution
		SolutionGuid = {91606FED-272B-49B9-B03A-EAC5F487A742}
	EndGlobalSection
EndGlobal
